
Microsoft Visual Studio Solution File, Format Version 12.00
# Visual Studio Version 16
VisualStudioVersion = 16.0.32413.511
MinimumVisualStudioVersion = 10.0.40219.1
Project("{9A19103F-16F7-4668-BE54-9A1E7A4F7556}") = "Jobs", "jobs-web\Jobs.csproj", "{D457CFCA-37CD-4D3B-8619-0534D5954330}"
EndProject
Global
	GlobalSection(SolutionConfigurationPlatforms) = preSolution
		Debug|Any CPU = Debug|Any CPU
		Release|Any CPU = Release|Any CPU
	EndGlobalSection
	GlobalSection(ProjectConfigurationPlatforms) = postSolution
		{D457CFCA-37CD-4D3B-8619-0534D5954330}.Debug|Any CPU.ActiveCfg = Debug|Any CPU
		{D457CFCA-37CD-4D3B-8619-0534D5954330}.Debug|Any CPU.Build.0 = Debug|Any CPU
		{D457CFCA-37CD-4D3B-8619-0534D5954330}.Release|Any CPU.ActiveCfg = Release|Any CPU
		{D457CFCA-37CD-4D3B-8619-0534D5954330}.Release|Any CPU.Build.0 = Release|Any CPU
	EndGlobalSection
	GlobalSection(SolutionProperties) = preSolution
		HideSolutionNode = FALSE
	EndGlobalSection
	GlobalSection(ExtensibilityGlobals) = postSolution
		SolutionGuid = {58BE330D-5A47-4384-9C68-460884B2E9C5}
	EndGlobalSection
EndGlobal
